// !$*UTF8*$!
{
	archiveVersion = 1;
	classes = {
	};
	objectVersion = 51;
	objects = {

/* Begin PBXBuildFile section */
		146DFA851220B67365C3FA79 /* Pods_PetFrameworksLearning.framework in Frameworks */ = {isa = PBXBuildFile; fileRef = 7441358153F2DD09B86FB178 /* Pods_PetFrameworksLearning.framework */; };
		DE5622E1267D005800E7238A /* PetFrameworksLearningApp.swift in Sources */ = {isa = PBXBuildFile; fileRef = DE5622E0267D005800E7238A /* PetFrameworksLearningApp.swift */; };
		DE5622E3267D005800E7238A /* ContentView.swift in Sources */ = {isa = PBXBuildFile; fileRef = DE5622E2267D005800E7238A /* ContentView.swift */; };
		DE5622E5267D005A00E7238A /* Assets.xcassets in Resources */ = {isa = PBXBuildFile; fileRef = DE5622E4267D005A00E7238A /* Assets.xcassets */; };
		DE5622E8267D005A00E7238A /* Preview Assets.xcassets in Resources */ = {isa = PBXBuildFile; fileRef = DE5622E7267D005A00E7238A /* Preview Assets.xcassets */; };
		DE5622F0267D023D00E7238A /* Model.swift in Sources */ = {isa = PBXBuildFile; fileRef = DE5622EF267D023D00E7238A /* Model.swift */; };
		DE5622F2267D024200E7238A /* PeopleViews.swift in Sources */ = {isa = PBXBuildFile; fileRef = DE5622F1267D024200E7238A /* PeopleViews.swift */; };
		DE5622F4267D025100E7238A /* ViewModel.swift in Sources */ = {isa = PBXBuildFile; fileRef = DE5622F3267D025100E7238A /* ViewModel.swift */; };
/* End PBXBuildFile section */

/* Begin PBXFileReference section */
		00F20AC689E0012071E1AB09 /* Pods-PetFrameworksLearning.debug.xcconfig */ = {isa = PBXFileReference; includeInIndex = 1; lastKnownFileType = text.xcconfig; name = "Pods-PetFrameworksLearning.debug.xcconfig"; path = "Target Support Files/Pods-PetFrameworksLearning/Pods-PetFrameworksLearning.debug.xcconfig"; sourceTree = "<group>"; };
		7441358153F2DD09B86FB178 /* Pods_PetFrameworksLearning.framework */ = {isa = PBXFileReference; explicitFileType = wrapper.framework; includeInIndex = 0; path = Pods_PetFrameworksLearning.framework; sourceTree = BUILT_PRODUCTS_DIR; };
		D25F22097527DCD05E3DF306 /* Pods-PetFrameworksLearning.release.xcconfig */ = {isa = PBXFileReference; includeInIndex = 1; lastKnownFileType = text.xcconfig; name = "Pods-PetFrameworksLearning.release.xcconfig"; path = "Target Support Files/Pods-PetFrameworksLearning/Pods-PetFrameworksLearning.release.xcconfig"; sourceTree = "<group>"; };
		DE5622DD267D005800E7238A /* PetFrameworksLearning.app */ = {isa = PBXFileReference; explicitFileType = wrapper.application; includeInIndex = 0; path = PetFrameworksLearning.app; sourceTree = BUILT_PRODUCTS_DIR; };
		DE5622E0267D005800E7238A /* PetFrameworksLearningApp.swift */ = {isa = PBXFileReference; lastKnownFileType = sourcecode.swift; path = PetFrameworksLearningApp.swift; sourceTree = "<group>"; };
		DE5622E2267D005800E7238A /* ContentView.swift */ = {isa = PBXFileReference; lastKnownFileType = sourcecode.swift; path = ContentView.swift; sourceTree = "<group>"; };
		DE5622E4267D005A00E7238A /* Assets.xcassets */ = {isa = PBXFileReference; lastKnownFileType = folder.assetcatalog; path = Assets.xcassets; sourceTree = "<group>"; };
		DE5622E7267D005A00E7238A /* Preview Assets.xcassets */ = {isa = PBXFileReference; lastKnownFileType = folder.assetcatalog; path = "Preview Assets.xcassets"; sourceTree = "<group>"; };
		DE5622E9267D005A00E7238A /* Info.plist */ = {isa = PBXFileReference; lastKnownFileType = text.plist.xml; path = Info.plist; sourceTree = "<group>"; };
		DE5622EF267D023D00E7238A /* Model.swift */ = {isa = PBXFileReference; fileEncoding = 4; lastKnownFileType = sourcecode.swift; path = Model.swift; sourceTree = "<group>"; };
		DE5622F1267D024200E7238A /* PeopleViews.swift */ = {isa = PBXFileReference; fileEncoding = 4; lastKnownFileType = sourcecode.swift; path = PeopleViews.swift; sourceTree = "<group>"; };
		DE5622F3267D025100E7238A /* ViewModel.swift */ = {isa = PBXFileReference; fileEncoding = 4; lastKnownFileType = sourcecode.swift; path = ViewModel.swift; sourceTree = "<group>"; };
/* End PBXFileReference section */

/* Begin PBXFrameworksBuildPhase section */
		DE5622DA267D005800E7238A /* Frameworks */ = {
			isa = PBXFrameworksBuildPhase;
			buildActionMask = 2147483647;
			files = (
				146DFA851220B67365C3FA79 /* Pods_PetFrameworksLearning.framework in Frameworks */,
			);
			runOnlyForDeploymentPostprocessing = 0;
		};
/* End PBXFrameworksBuildPhase section */

/* Begin PBXGroup section */
		28E5E6BFDC266D95F818363C /* Pods */ = {
			isa = PBXGroup;
			children = (
				00F20AC689E0012071E1AB09 /* Pods-PetFrameworksLearning.debug.xcconfig */,
				D25F22097527DCD05E3DF306 /* Pods-PetFrameworksLearning.release.xcconfig */,
			);
			path = Pods;
			sourceTree = "<group>";
		};
		67DF450D6CDA0FB4AA16E6BB /* Frameworks */ = {
			isa = PBXGroup;
			children = (
				7441358153F2DD09B86FB178 /* Pods_PetFrameworksLearning.framework */,
			);
			name = Frameworks;
			sourceTree = "<group>";
		};
		DE5622D4267D005700E7238A = {
			isa = PBXGroup;
			children = (
				DE5622DF267D005800E7238A /* PetFrameworksLearning */,
				DE5622DE267D005800E7238A /* Products */,
				28E5E6BFDC266D95F818363C /* Pods */,
				67DF450D6CDA0FB4AA16E6BB /* Frameworks */,
			);
			sourceTree = "<group>";
		};
		DE5622DE267D005800E7238A /* Products */ = {
			isa = PBXGroup;
			children = (
				DE5622DD267D005800E7238A /* PetFrameworksLearning.app */,
			);
			name = Products;
			sourceTree = "<group>";
		};
		DE5622DF267D005800E7238A /* PetFrameworksLearning */ = {
			isa = PBXGroup;
			children = (
				DE5622E0267D005800E7238A /* PetFrameworksLearningApp.swift */,
				DE5622E4267D005A00E7238A /* Assets.xcassets */,
				DE5622E9267D005A00E7238A /* Info.plist */,
				DE5622E2267D005800E7238A /* ContentView.swift */,
				DE5622F1267D024200E7238A /* PeopleViews.swift */,
				DE5622F3267D025100E7238A /* ViewModel.swift */,
				DE5622EF267D023D00E7238A /* Model.swift */,
				DE5622E6267D005A00E7238A /* Preview Content */,
			);
			path = PetFrameworksLearning;
			sourceTree = "<group>";
		};
		DE5622E6267D005A00E7238A /* Preview Content */ = {
			isa = PBXGroup;
			children = (
				DE5622E7267D005A00E7238A /* Preview Assets.xcassets */,
			);
			path = "Preview Content";
			sourceTree = "<group>";
		};
/* End PBXGroup section */

/* Begin PBXNativeTarget section */
		DE5622DC267D005800E7238A /* PetFrameworksLearning */ = {
			isa = PBXNativeTarget;
			buildConfigurationList = DE5622EC267D005A00E7238A /* Build configuration list for PBXNativeTarget "PetFrameworksLearning" */;
			buildPhases = (
				3722443226D9A10B02444CFC /* [CP] Check Pods Manifest.lock */,
				DE5622D9267D005800E7238A /* Sources */,
				DE5622DA267D005800E7238A /* Frameworks */,
				DE5622DB267D005800E7238A /* Resources */,
				45E2D84F839BE8F7AF9C5994 /* [CP] Embed Pods Frameworks */,
			);
			buildRules = (
			);
			dependencies = (
			);
			name = PetFrameworksLearning;
			productName = PetFrameworksLearning;
			productReference = DE5622DD267D005800E7238A /* PetFrameworksLearning.app */;
			productType = "com.apple.product-type.application";
		};
/* End PBXNativeTarget section */

/* Begin PBXProject section */
		DE5622D5267D005700E7238A /* Project object */ = {
			isa = PBXProject;
			attributes = {
				LastSwiftUpdateCheck = 1250;
				LastUpgradeCheck = 1250;
				TargetAttributes = {
					DE5622DC267D005800E7238A = {
						CreatedOnToolsVersion = 12.5;
					};
				};
			};
			buildConfigurationList = DE5622D8267D005700E7238A /* Build configuration list for PBXProject "PetFrameworksLearning" */;
			compatibilityVersion = "Xcode 9.3";
			developmentRegion = en;
			hasScannedForEncodings = 0;
			knownRegions = (
				en,
				Base,
			);
			mainGroup = DE5622D4267D005700E7238A;
			productRefGroup = DE5622DE267D005800E7238A /* Products */;
			projectDirPath = "";
			projectRoot = "";
			targets = (
				DE5622DC267D005800E7238A /* PetFrameworksLearning */,
			);
		};
/* End PBXProject section */

/* Begin PBXResourcesBuildPhase section */
		DE5622DB267D005800E7238A /* Resources */ = {
			isa = PBXResourcesBuildPhase;
			buildActionMask = 2147483647;
			files = (
				DE5622E8267D005A00E7238A /* Preview Assets.xcassets in Resources */,
				DE5622E5267D005A00E7238A /* Assets.xcassets in Resources */,
			);
			runOnlyForDeploymentPostprocessing = 0;
		};
/* End PBXResourcesBuildPhase section */

/* Begin PBXShellScriptBuildPhase section */
		3722443226D9A10B02444CFC /* [CP] Check Pods Manifest.lock */ = {
			isa = PBXShellScriptBuildPhase;
			buildActionMask = 2147483647;
			files = (
			);
			inputFileListPaths = (
			);
			inputPaths = (
				"${PODS_PODFILE_DIR_PATH}/Podfile.lock",
				"${PODS_ROOT}/Manifest.lock",
			);
			name = "[CP] Check Pods Manifest.lock";
			outputFileListPaths = (
			);
			outputPaths = (
				"$(DERIVED_FILE_DIR)/Pods-PetFrameworksLearning-checkManifestLockResult.txt",
			);
			runOnlyForDeploymentPostprocessing = 0;
			shellPath = /bin/sh;
			shellScript = "diff \"${PODS_PODFILE_DIR_PATH}/Podfile.lock\" \"${PODS_ROOT}/Manifest.lock\" > /dev/null\nif [ $? != 0 ] ; then\n    # print error to STDERR\n    echo \"error: The sandbox is not in sync with the Podfile.lock. Run 'pod install' or update your CocoaPods installation.\" >&2\n    exit 1\nfi\n# This output is used by Xcode 'outputs' to avoid re-running this script phase.\necho \"SUCCESS\" > \"${SCRIPT_OUTPUT_FILE_0}\"\n";
			showEnvVarsInLog = 0;
		};
		45E2D84F839BE8F7AF9C5994 /* [CP] Embed Pods Frameworks */ = {
			isa = PBXShellScriptBuildPhase;
			buildActionMask = 2147483647;
			files = (
			);
			inputFileListPaths = (
				"${PODS_ROOT}/Target Support Files/Pods-PetFrameworksLearning/Pods-PetFrameworksLearning-frameworks-${CONFIGURATION}-input-files.xcfilelist",
			);
			name = "[CP] Embed Pods Frameworks";
			outputFileListPaths = (
				"${PODS_ROOT}/Target Support Files/Pods-PetFrameworksLearning/Pods-PetFrameworksLearning-frameworks-${CONFIGURATION}-output-files.xcfilelist",
			);
			runOnlyForDeploymentPostprocessing = 0;
			shellPath = /bin/sh;
			shellScript = "\"${PODS_ROOT}/Target Support Files/Pods-PetFrameworksLearning/Pods-PetFrameworksLearning-frameworks.sh\"\n";
			showEnvVarsInLog = 0;
		};
/* End PBXShellScriptBuildPhase section */

/* Begin PBXSourcesBuildPhase section */
		DE5622D9267D005800E7238A /* Sources */ = {
			isa = PBXSourcesBuildPhase;
			buildActionMask = 2147483647;
			files = (
				DE5622F4267D025100E7238A /* ViewModel.swift in Sources */,
				DE5622F0267D023D00E7238A /* Model.swift in Sources */,
				DE5622E3267D005800E7238A /* ContentView.swift in Sources */,
				DE5622E1267D005800E7238A /* PetFrameworksLearningApp.swift in Sources */,
				DE5622F2267D024200E7238A /* PeopleViews.swift in Sources */,
			);
			runOnlyForDeploymentPostprocessing = 0;
		};
/* End PBXSourcesBuildPhase section */

/* Begin XCBuildConfiguration section */
		DE5622EA267D005A00E7238A /* Debug */ = {
			isa = XCBuildConfiguration;
			buildSettings = {
				ALWAYS_SEARCH_USER_PATHS = NO;
				CLANG_ANALYZER_NONNULL = YES;
				CLANG_ANALYZER_NUMBER_OBJECT_CONVERSION = YES_AGGRESSIVE;
				CLANG_CXX_LANGUAGE_STANDARD = "gnu++14";
				CLANG_CXX_LIBRARY = "libc++";
				CLANG_ENABLE_MODULES = YES;
				CLANG_ENABLE_OBJC_ARC = YES;
				CLANG_ENABLE_OBJC_WEAK = YES;
				CLANG_WARN_BLOCK_CAPTURE_AUTORELEASING = YES;
				CLANG_WARN_BOOL_CONVERSION = YES;
				CLANG_WARN_COMMA = YES;
				CLANG_WARN_CONSTANT_CONVERSION = YES;
				CLANG_WARN_DEPRECATED_OBJC_IMPLEMENTATIONS = YES;
				CLANG_WARN_DIRECT_OBJC_ISA_USAGE = YES_ERROR;
				CLANG_WARN_DOCUMENTATION_COMMENTS = YES;
				CLANG_WARN_EMPTY_BODY = YES;
				CLANG_WARN_ENUM_CONVERSION = YES;
				CLANG_WARN_INFINITE_RECURSION = YES;
				CLANG_WARN_INT_CONVERSION = YES;
				CLANG_WARN_NON_LITERAL_NULL_CONVERSION = YES;
				CLANG_WARN_OBJC_IMPLICIT_RETAIN_SELF = YES;
				CLANG_WARN_OBJC_LITERAL_CONVERSION = YES;
				CLANG_WARN_OBJC_ROOT_CLASS = YES_ERROR;
				CLANG_WARN_QUOTED_INCLUDE_IN_FRAMEWORK_HEADER = YES;
				CLANG_WARN_RANGE_LOOP_ANALYSIS = YES;
				CLANG_WARN_STRICT_PROTOTYPES = YES;
				CLANG_WARN_SUSPICIOUS_MOVE = YES;
				CLANG_WARN_UNGUARDED_AVAILABILITY = YES_AGGRESSIVE;
				CLANG_WARN_UNREACHABLE_CODE = YES;
				CLANG_WARN__DUPLICATE_METHOD_MATCH = YES;
				COPY_PHASE_STRIP = NO;
				DEBUG_INFORMATION_FORMAT = dwarf;
				ENABLE_STRICT_OBJC_MSGSEND = YES;
				ENABLE_TESTABILITY = YES;
				GCC_C_LANGUAGE_STANDARD = gnu11;
				GCC_DYNAMIC_NO_PIC = NO;
				GCC_NO_COMMON_BLOCKS = YES;
				GCC_OPTIMIZATION_LEVEL = 0;
				GCC_PREPROCESSOR_DEFINITIONS = (
					"DEBUG=1",
					"$(inherited)",
				);
				GCC_WARN_64_TO_32_BIT_CONVERSION = YES;
				GCC_WARN_ABOUT_RETURN_TYPE = YES_ERROR;
				GCC_WARN_UNDECLARED_SELECTOR = YES;
				GCC_WARN_UNINITIALIZED_AUTOS = YES_AGGRESSIVE;
				GCC_WARN_UNUSED_FUNCTION = YES;
				GCC_WARN_UNUSED_VARIABLE = YES;
				IPHONEOS_DEPLOYMENT_TARGET = 14.5;
				MTL_ENABLE_DEBUG_INFO = INCLUDE_SOURCE;
				MTL_FAST_MATH = YES;
				ONLY_ACTIVE_ARCH = YES;
				SDKROOT = iphoneos;
				SWIFT_ACTIVE_COMPILATION_CONDITIONS = DEBUG;
				SWIFT_OPTIMIZATION_LEVEL = "-Onone";
			};
			name = Debug;
		};
		DE5622EB267D005A00E7238A /* Release */ = {
			isa = XCBuildConfiguration;
			buildSettings = {
				ALWAYS_SEARCH_USER_PATHS = NO;
				CLANG_ANALYZER_NONNULL = YES;
				CLANG_ANALYZER_NUMBER_OBJECT_CONVERSION = YES_AGGRESSIVE;
				CLANG_CXX_LANGUAGE_STANDARD = "gnu++14";
				CLANG_CXX_LIBRARY = "libc++";
				CLANG_ENABLE_MODULES = YES;
				CLANG_ENABLE_OBJC_ARC = YES;
				CLANG_ENABLE_OBJC_WEAK = YES;
				CLANG_WARN_BLOCK_CAPTURE_AUTORELEASING = YES;
				CLANG_WARN_BOOL_CONVERSION = YES;
				CLANG_WARN_COMMA = YES;
				CLANG_WARN_CONSTANT_CONVERSION = YES;
				CLANG_WARN_DEPRECATED_OBJC_IMPLEMENTATIONS = YES;
				CLANG_WARN_DIRECT_OBJC_ISA_USAGE = YES_ERROR;
				CLANG_WARN_DOCUMENTATION_COMMENTS = YES;
				CLANG_WARN_EMPTY_BODY = YES;
				CLANG_WARN_ENUM_CONVERSION = YES;
				CLANG_WARN_INFINITE_RECURSION = YES;
				CLANG_WARN_INT_CONVERSION = YES;
				CLANG_WARN_NON_LITERAL_NULL_CONVERSION = YES;
				CLANG_WARN_OBJC_IMPLICIT_RETAIN_SELF = YES;
				CLANG_WARN_OBJC_LITERAL_CONVERSION = YES;
				CLANG_WARN_OBJC_ROOT_CLASS = YES_ERROR;
				CLANG_WARN_QUOTED_INCLUDE_IN_FRAMEWORK_HEADER = YES;
				CLANG_WARN_RANGE_LOOP_ANALYSIS = YES;
				CLANG_WARN_STRICT_PROTOTYPES = YES;
				CLANG_WARN_SUSPICIOUS_MOVE = YES;
				CLANG_WARN_UNGUARDED_AVAILABILITY = YES_AGGRESSIVE;
				CLANG_WARN_UNREACHABLE_CODE = YES;
				CLANG_WARN__DUPLICATE_METHOD_MATCH = YES;
				COPY_PHASE_STRIP = NO;
				DEBUG_INFORMATION_FORMAT = "dwarf-with-dsym";
				ENABLE_NS_ASSERTIONS = NO;
				ENABLE_STRICT_OBJC_MSGSEND = YES;
				GCC_C_LANGUAGE_STANDARD = gnu11;
				GCC_NO_COMMON_BLOCKS = YES;
				GCC_WARN_64_TO_32_BIT_CONVERSION = YES;
				GCC_WARN_ABOUT_RETURN_TYPE = YES_ERROR;
				GCC_WARN_UNDECLARED_SELECTOR = YES;
				GCC_WARN_UNINITIALIZED_AUTOS = YES_AGGRESSIVE;
				GCC_WARN_UNUSED_FUNCTION = YES;
				GCC_WARN_UNUSED_VARIABLE = YES;
				IPHONEOS_DEPLOYMENT_TARGET = 14.5;
				MTL_ENABLE_DEBUG_INFO = NO;
				MTL_FAST_MATH = YES;
				SDKROOT = iphoneos;
				SWIFT_COMPILATION_MODE = wholemodule;
				SWIFT_OPTIMIZATION_LEVEL = "-O";
				VALIDATE_PRODUCT = YES;
			};
			name = Release;
		};
		DE5622ED267D005A00E7238A /* Debug */ = {
			isa = XCBuildConfiguration;
			baseConfigurationReference = 00F20AC689E0012071E1AB09 /* Pods-PetFrameworksLearning.debug.xcconfig */;
			buildSettings = {
				ASSETCATALOG_COMPILER_APPICON_NAME = AppIcon;
				ASSETCATALOG_COMPILER_GLOBAL_ACCENT_COLOR_NAME = AccentColor;
				CODE_SIGN_STYLE = Automatic;
				DEVELOPMENT_ASSET_PATHS = "\"PetFrameworksLearning/Preview Content\"";
				DEVELOPMENT_TEAM = 9GT93QMV54;
				ENABLE_PREVIEWS = YES;
				INFOPLIST_FILE = PetFrameworksLearning/Info.plist;
				IPHONEOS_DEPLOYMENT_TARGET = 14.0;
				LD_RUNPATH_SEARCH_PATHS = (
					"$(inherited)",
					"@executable_path/Frameworks",
				);
				PRODUCT_BUNDLE_IDENTIFIER = edu.PetFrameworksLearning;
				PRODUCT_NAME = "$(TARGET_NAME)";
				SWIFT_VERSION = 5.0;
				TARGETED_DEVICE_FAMILY = "1,2";
			};
			name = Debug;
		};
		DE5622EE267D005A00E7238A /* Release */ = {
			isa = XCBuildConfiguration;
			baseConfigurationReference = D25F22097527DCD05E3DF306 /* Pods-PetFrameworksLearning.release.xcconfig */;
			buildSettings = {
				ASSETCATALOG_COMPILER_APPICON_NAME = AppIcon;
				ASSETCATALOG_COMPILER_GLOBAL_ACCENT_COLOR_NAME = AccentColor;
				CODE_SIGN_STYLE = Automatic;
				DEVELOPMENT_ASSET_PATHS = "\"PetFrameworksLearning/Preview Content\"";
				DEVELOPMENT_TEAM = 9GT93QMV54;
				ENABLE_PREVIEWS = YES;
				INFOPLIST_FILE = PetFrameworksLearning/Info.plist;
				IPHONEOS_DEPLOYMENT_TARGET = 14.0;
				LD_RUNPATH_SEARCH_PATHS = (
					"$(inherited)",
					"@executable_path/Frameworks",
				);
				PRODUCT_BUNDLE_IDENTIFIER = edu.PetFrameworksLearning;
				PRODUCT_NAME = "$(TARGET_NAME)";
				SWIFT_VERSION = 5.0;
				TARGETED_DEVICE_FAMILY = "1,2";
			};
			name = Release;
		};
/* End XCBuildConfiguration section */

/* Begin XCConfigurationList section */
		DE5622D8267D005700E7238A /* Build configuration list for PBXProject "PetFrameworksLearning" */ = {
			isa = XCConfigurationList;
			buildConfigurations = (
				DE5622EA267D005A00E7238A /* Debug */,
				DE5622EB267D005A00E7238A /* Release */,
			);
			defaultConfigurationIsVisible = 0;
			defaultConfigurationName = Release;
		};
		DE5622EC267D005A00E7238A /* Build configuration list for PBXNativeTarget "PetFrameworksLearning" */ = {
			isa = XCConfigurationList;
			buildConfigurations = (
				DE5622ED267D005A00E7238A /* Debug */,
				DE5622EE267D005A00E7238A /* Release */,
			);
			defaultConfigurationIsVisible = 0;
			defaultConfigurationName = Release;
		};
/* End XCConfigurationList section */
	};
	rootObject = DE5622D5267D005700E7238A /* Project object */;
}
